
Microsoft Visual Studio Solution File, Format Version 12.00
# Visual Studio 15
VisualStudioVersion = 15.0.28307.1169
MinimumVisualStudioVersion = 10.0.40219.1
Project("{FAE04EC0-301F-11D3-BF4B-00C04F79EFBC}") = "Migrations", "Migrations\Migrations.csproj", "{54CCDD21-C773-499A-A6A9-B941ED8F0F8F}"
EndProject
Global
	GlobalSection(SolutionConfigurationPlatforms) = preSolution
		Debug|Any CPU = Debug|Any CPU
		Release|Any CPU = Release|Any CPU
	EndGlobalSection
	GlobalSection(ProjectConfigurationPlatforms) = postSolution
		{54CCDD21-C773-499A-A6A9-B941ED8F0F8F}.Debug|Any CPU.ActiveCfg = Debug|Any CPU
		{54CCDD21-C773-499A-A6A9-B941ED8F0F8F}.Debug|Any CPU.Build.0 = Debug|Any CPU
		{54CCDD21-C773-499A-A6A9-B941ED8F0F8F}.Release|Any CPU.ActiveCfg = Release|Any CPU
		{54CCDD21-C773-499A-A6A9-B941ED8F0F8F}.Release|Any CPU.Build.0 = Release|Any CPU
	EndGlobalSection
	GlobalSection(SolutionProperties) = preSolution
		HideSolutionNode = FALSE
	EndGlobalSection
	GlobalSection(ExtensibilityGlobals) = postSolution
		SolutionGuid = {3A73A1D1-31FC-43E2-8309-7FEC018E3D6A}
	EndGlobalSection
EndGlobal
